
Microsoft Visual Studio Solution File, Format Version 12.00
# Visual Studio 14
VisualStudioVersion = 14.0.25123.0
MinimumVisualStudioVersion = 10.0.40219.1
Project("{FAE04EC0-301F-11D3-BF4B-00C04F79EFBC}") = "CustomerOperation.Data", "Customer.Data\CustomerOperation.Data.csproj", "{B908D908-754F-4E7F-B6A2-AFBB4CE8F98B}"
EndProject
Project("{FAE04EC0-301F-11D3-BF4B-00C04F79EFBC}") = "HotelReservation.Entity", "HotelReservation.Entity\HotelReservation.Entity.csproj", "{65D789AC-8774-486D-9CBB-D6B4D38834F2}"
EndProject
Project("{FAE04EC0-301F-11D3-BF4B-00C04F79EFBC}") = "Customer.Data.TestSuite", "Customer.Data.TestSuite\Customer.Data.TestSuite.csproj", "{1C41CFA5-E93A-4FC5-AE94-AA5E66691F6D}"
EndProject
Project("{FAE04EC0-301F-11D3-BF4B-00C04F79EFBC}") = "HotelOperation.Data", "HotelOperation.Data\HotelOperation.Data.csproj", "{E4C06646-13DC-416C-B80D-96B4D44CBDA7}"
EndProject
Global
	GlobalSection(SolutionConfigurationPlatforms) = preSolution
		Debug|Any CPU = Debug|Any CPU
		Release|Any CPU = Release|Any CPU
	EndGlobalSection
	GlobalSection(ProjectConfigurationPlatforms) = postSolution
		{B908D908-754F-4E7F-B6A2-AFBB4CE8F98B}.Debug|Any CPU.ActiveCfg = Debug|Any CPU
		{B908D908-754F-4E7F-B6A2-AFBB4CE8F98B}.Debug|Any CPU.Build.0 = Debug|Any CPU
		{B908D908-754F-4E7F-B6A2-AFBB4CE8F98B}.Release|Any CPU.ActiveCfg = Release|Any CPU
		{B908D908-754F-4E7F-B6A2-AFBB4CE8F98B}.Release|Any CPU.Build.0 = Release|Any CPU
		{65D789AC-8774-486D-9CBB-D6B4D38834F2}.Debug|Any CPU.ActiveCfg = Debug|Any CPU
		{65D789AC-8774-486D-9CBB-D6B4D38834F2}.Debug|Any CPU.Build.0 = Debug|Any CPU
		{65D789AC-8774-486D-9CBB-D6B4D38834F2}.Release|Any CPU.ActiveCfg = Release|Any CPU
		{65D789AC-8774-486D-9CBB-D6B4D38834F2}.Release|Any CPU.Build.0 = Release|Any CPU
		{1C41CFA5-E93A-4FC5-AE94-AA5E66691F6D}.Debug|Any CPU.ActiveCfg = Debug|Any CPU
		{1C41CFA5-E93A-4FC5-AE94-AA5E66691F6D}.Debug|Any CPU.Build.0 = Debug|Any CPU
		{1C41CFA5-E93A-4FC5-AE94-AA5E66691F6D}.Release|Any CPU.ActiveCfg = Release|Any CPU
		{1C41CFA5-E93A-4FC5-AE94-AA5E66691F6D}.Release|Any CPU.Build.0 = Release|Any CPU
		{E4C06646-13DC-416C-B80D-96B4D44CBDA7}.Debug|Any CPU.ActiveCfg = Debug|Any CPU
		{E4C06646-13DC-416C-B80D-96B4D44CBDA7}.Debug|Any CPU.Build.0 = Debug|Any CPU
		{E4C06646-13DC-416C-B80D-96B4D44CBDA7}.Release|Any CPU.ActiveCfg = Release|Any CPU
		{E4C06646-13DC-416C-B80D-96B4D44CBDA7}.Release|Any CPU.Build.0 = Release|Any CPU
	EndGlobalSection
	GlobalSection(SolutionProperties) = preSolution
		HideSolutionNode = FALSE
	EndGlobalSection
	GlobalSection(ExtensibilityGlobals) = postSolution
		EnterpriseLibraryConfigurationToolBinariesPathV6 = packages\EnterpriseLibrary.Common.6.0.1304.0\lib\NET45;packages\EnterpriseLibrary.Data.6.0.1304.0\lib\NET45
	EndGlobalSection
EndGlobal
